
Microsoft Visual Studio Solution File, Format Version 12.00
# Visual Studio 15
VisualStudioVersion = 15.0.26228.9
MinimumVisualStudioVersion = 10.0.40219.1
Project("{FAE04EC0-301F-11D3-BF4B-00C04F79EFBC}") = "Pizza.Form", "Pizza.Form\Pizza.Form.csproj", "{E6A65D03-993C-4C1A-BC2E-A9E25839F191}"
EndProject
Project("{FAE04EC0-301F-11D3-BF4B-00C04F79EFBC}") = "Pizza.Logic", "Pizza.Logic\Pizza.Logic.csproj", "{B3B0ABE6-7FE5-447C-9009-EEAC8C256892}"
EndProject
Global
	GlobalSection(SolutionConfigurationPlatforms) = preSolution
		Debug|Any CPU = Debug|Any CPU
		Release|Any CPU = Release|Any CPU
	EndGlobalSection
	GlobalSection(ProjectConfigurationPlatforms) = postSolution
		{E6A65D03-993C-4C1A-BC2E-A9E25839F191}.Debug|Any CPU.ActiveCfg = Debug|Any CPU
		{E6A65D03-993C-4C1A-BC2E-A9E25839F191}.Debug|Any CPU.Build.0 = Debug|Any CPU
		{E6A65D03-993C-4C1A-BC2E-A9E25839F191}.Release|Any CPU.ActiveCfg = Release|Any CPU
		{E6A65D03-993C-4C1A-BC2E-A9E25839F191}.Release|Any CPU.Build.0 = Release|Any CPU
		{B3B0ABE6-7FE5-447C-9009-EEAC8C256892}.Debug|Any CPU.ActiveCfg = Debug|Any CPU
		{B3B0ABE6-7FE5-447C-9009-EEAC8C256892}.Debug|Any CPU.Build.0 = Debug|Any CPU
		{B3B0ABE6-7FE5-447C-9009-EEAC8C256892}.Release|Any CPU.ActiveCfg = Release|Any CPU
		{B3B0ABE6-7FE5-447C-9009-EEAC8C256892}.Release|Any CPU.Build.0 = Release|Any CPU
	EndGlobalSection
	GlobalSection(SolutionProperties) = preSolution
		HideSolutionNode = FALSE
	EndGlobalSection
EndGlobal
